
Microsoft Visual Studio Solution File, Format Version 12.00
# Visual Studio 2012
Project("{FAE04EC0-301F-11D3-BF4B-00C04F79EFBC}") = "BestPCBBusinessLayer", "BestFitBusinessLayer\BestPCBBusinessLayer.csproj", "{9A0FA6F3-E8CB-4DB9-AD1C-070861D53C8A}"
EndProject
Project("{FAE04EC0-301F-11D3-BF4B-00C04F79EFBC}") = "BestFitPCBWeb", "BestFitPCBWeb\BestFitPCBWeb.csproj", "{6C988B3A-804B-495F-A73C-6074EF4B0AE8}"
EndProject
Global
	GlobalSection(SolutionConfigurationPlatforms) = preSolution
		Debug|Any CPU = Debug|Any CPU
		Release|Any CPU = Release|Any CPU
	EndGlobalSection
	GlobalSection(ProjectConfigurationPlatforms) = postSolution
		{9A0FA6F3-E8CB-4DB9-AD1C-070861D53C8A}.Debug|Any CPU.ActiveCfg = Debug|Any CPU
		{9A0FA6F3-E8CB-4DB9-AD1C-070861D53C8A}.Debug|Any CPU.Build.0 = Debug|Any CPU
		{9A0FA6F3-E8CB-4DB9-AD1C-070861D53C8A}.Release|Any CPU.ActiveCfg = Release|Any CPU
		{9A0FA6F3-E8CB-4DB9-AD1C-070861D53C8A}.Release|Any CPU.Build.0 = Release|Any CPU
		{6C988B3A-804B-495F-A73C-6074EF4B0AE8}.Debug|Any CPU.ActiveCfg = Debug|Any CPU
		{6C988B3A-804B-495F-A73C-6074EF4B0AE8}.Debug|Any CPU.Build.0 = Debug|Any CPU
		{6C988B3A-804B-495F-A73C-6074EF4B0AE8}.Release|Any CPU.ActiveCfg = Release|Any CPU
		{6C988B3A-804B-495F-A73C-6074EF4B0AE8}.Release|Any CPU.Build.0 = Release|Any CPU
	EndGlobalSection
	GlobalSection(SolutionProperties) = preSolution
		HideSolutionNode = FALSE
	EndGlobalSection
EndGlobal
